
Microsoft Visual Studio Solution File, Format Version 12.00
# Visual Studio 14
VisualStudioVersion = 14.0.25420.1
MinimumVisualStudioVersion = 10.0.40219.1
Project("{FAE04EC0-301F-11D3-BF4B-00C04F79EFBC}") = "ClarityYard.Portal", "ClarityYard\ClarityYard.Portal.csproj", "{DDB62FFA-B7E4-4442-A49D-D8EE4C4B1EAC}"
EndProject
Project("{FAE04EC0-301F-11D3-BF4B-00C04F79EFBC}") = "ClarityYard.Common", "ClarityYard.Common\ClarityYard.Common.csproj", "{D5FD4091-7AFA-4D8B-BE60-9BA11C9A79AF}"
EndProject
Project("{FAE04EC0-301F-11D3-BF4B-00C04F79EFBC}") = "ClarityYard.Common.Data", "ClarityYard.Common.Data\ClarityYard.Common.Data.csproj", "{800CCFF9-4488-48AB-8300-DC97897C8870}"
EndProject
Global
	GlobalSection(SolutionConfigurationPlatforms) = preSolution
		Debug|Any CPU = Debug|Any CPU
		Release|Any CPU = Release|Any CPU
	EndGlobalSection
	GlobalSection(ProjectConfigurationPlatforms) = postSolution
		{DDB62FFA-B7E4-4442-A49D-D8EE4C4B1EAC}.Debug|Any CPU.ActiveCfg = Debug|Any CPU
		{DDB62FFA-B7E4-4442-A49D-D8EE4C4B1EAC}.Debug|Any CPU.Build.0 = Debug|Any CPU
		{DDB62FFA-B7E4-4442-A49D-D8EE4C4B1EAC}.Release|Any CPU.ActiveCfg = Release|Any CPU
		{DDB62FFA-B7E4-4442-A49D-D8EE4C4B1EAC}.Release|Any CPU.Build.0 = Release|Any CPU
		{D5FD4091-7AFA-4D8B-BE60-9BA11C9A79AF}.Debug|Any CPU.ActiveCfg = Debug|Any CPU
		{D5FD4091-7AFA-4D8B-BE60-9BA11C9A79AF}.Debug|Any CPU.Build.0 = Debug|Any CPU
		{D5FD4091-7AFA-4D8B-BE60-9BA11C9A79AF}.Release|Any CPU.ActiveCfg = Release|Any CPU
		{D5FD4091-7AFA-4D8B-BE60-9BA11C9A79AF}.Release|Any CPU.Build.0 = Release|Any CPU
		{800CCFF9-4488-48AB-8300-DC97897C8870}.Debug|Any CPU.ActiveCfg = Debug|Any CPU
		{800CCFF9-4488-48AB-8300-DC97897C8870}.Debug|Any CPU.Build.0 = Debug|Any CPU
		{800CCFF9-4488-48AB-8300-DC97897C8870}.Release|Any CPU.ActiveCfg = Release|Any CPU
		{800CCFF9-4488-48AB-8300-DC97897C8870}.Release|Any CPU.Build.0 = Release|Any CPU
	EndGlobalSection
	GlobalSection(SolutionProperties) = preSolution
		HideSolutionNode = FALSE
	EndGlobalSection
EndGlobal
